
Microsoft Visual Studio Solution File, Format Version 12.00
# Visual Studio Version 17
VisualStudioVersion = 17.0.31912.275
MinimumVisualStudioVersion = 10.0.40219.1
Project("{FAE04EC0-301F-11D3-BF4B-00C04F79EFBC}") = "10_Lab", "10_Lab\10_Lab.csproj", "{E54A3656-B619-450B-A202-EB16448785FE}"
EndProject
Global
	GlobalSection(SolutionConfigurationPlatforms) = preSolution
		Debug|Any CPU = Debug|Any CPU
		Release|Any CPU = Release|Any CPU
	EndGlobalSection
	GlobalSection(ProjectConfigurationPlatforms) = postSolution
		{E54A3656-B619-450B-A202-EB16448785FE}.Debug|Any CPU.ActiveCfg = Debug|Any CPU
		{E54A3656-B619-450B-A202-EB16448785FE}.Debug|Any CPU.Build.0 = Debug|Any CPU
		{E54A3656-B619-450B-A202-EB16448785FE}.Release|Any CPU.ActiveCfg = Release|Any CPU
		{E54A3656-B619-450B-A202-EB16448785FE}.Release|Any CPU.Build.0 = Release|Any CPU
	EndGlobalSection
	GlobalSection(SolutionProperties) = preSolution
		HideSolutionNode = FALSE
	EndGlobalSection
	GlobalSection(ExtensibilityGlobals) = postSolution
		SolutionGuid = {049003C8-AF46-4937-B6D4-5CBDEA6B0123}
	EndGlobalSection
EndGlobal
